{
    "name": "npm-at4dx",
    "version": "1.0.0",
    "lockfileVersion": 1,
    "requires": true,
    "dependencies": {
        "npm-fflib-common": {
            "version": "1.0.23",
            "resolved": "https://registry.npmjs.org/npm-fflib-common/-/npm-fflib-common-1.0.23.tgz",
            "integrity": "sha512-uV1MXpgD82q14WQSyuulhqxyFzpoCi0MwlIv464gY2Sou5YEcCt7UDzb2tOmXTca9n4DzzJ0qOP01oShOQD6/Q==",
            "requires": {
                "npm-fflib-mocks": "^1.0.19",
                "qfpm": "^1.0.17"
            }
        },
        "npm-fflib-mocks": {
            "version": "1.0.19",
            "resolved": "https://registry.npmjs.org/npm-fflib-mocks/-/npm-fflib-mocks-1.0.19.tgz",
            "integrity": "sha512-Yt1GjwDtp862nwSmFLBqDqDP8TAg8moKRty6WD04hIjVcvxX4WNweulTuCqG5bkRs4yUXZ/MdP5nGrN64PcTCw==",
            "requires": {
                "qfpm": "^1.0.17"
            }
        },
        "npm-force-di": {
            "version": "1.0.0",
            "resolved": "https://registry.npmjs.org/npm-force-di/-/npm-force-di-1.0.0.tgz",
            "integrity": "sha512-zH10IXhU6nAnufp50eALJkoQO0/1Wfu/sJdLh22OJwD5N0SCGFl6eHPV9NrkFhA96/Q9slk1Mpvdsw8GBwQvsQ==",
            "requires": {
                "qfpm": "^1.0.17"
            }
        },
        "qfpm": {
            "version": "1.0.17",
            "resolved": "https://registry.npmjs.org/qfpm/-/qfpm-1.0.17.tgz",
            "integrity": "sha512-53kT9CIY7vJsX4DgJyE4Iwj+fjt6/vU0Wxn7fdktpdGHpjX5OYviHdgzl3CEG80gx4MtkHzxRB+RLZGMRnz9vg=="
        }
    }
}
