{
    "name": "npm-at4dx",
    "version": "1.0.2",
    "lockfileVersion": 1,
    "requires": true,
    "dependencies": {
        "npm-fflib-common": {
            "version": "1.0.32",
            "resolved": "https://registry.npmjs.org/npm-fflib-common/-/npm-fflib-common-1.0.32.tgz",
            "integrity": "sha512-zzsGRH39LcEdIXWg5X+4Pd11OgGIiop4HoWPJhXfN0o1VpoktJ6VHabyqKBq6P8vlXOGp6gqxsZ1pLXAqqAr5g==",
            "requires": {
                "npm-fflib-mocks": "^1.0.29",
                "qfpm": "^1.0.26"
            }
        },
        "npm-fflib-mocks": {
            "version": "1.0.29",
            "resolved": "https://registry.npmjs.org/npm-fflib-mocks/-/npm-fflib-mocks-1.0.29.tgz",
            "integrity": "sha512-VoELiHnDtuMsxDWId728wdDjWipA+yQllFHKKzq3bFZHGptkKI4I3nkv4mP2fwTKHWxfG0+ITWWylHSONInFew==",
            "requires": {
                "qfpm": "^1.0.26"
            }
        },
        "npm-force-di": {
            "version": "1.0.6",
            "resolved": "https://registry.npmjs.org/npm-force-di/-/npm-force-di-1.0.6.tgz",
            "integrity": "sha512-kZZh30uZCdlejekf4CgePCSE38dWLqbEY0YJqJaGJ9ufdiSpOQ1BoKezUo1uDOP5FjwgC5eFEzUETkfpS9vEIQ==",
            "requires": {
                "qfpm": "^1.0.26"
            }
        },
        "qfpm": {
            "version": "1.0.26",
            "resolved": "https://registry.npmjs.org/qfpm/-/qfpm-1.0.26.tgz",
            "integrity": "sha512-QlRxBzlt11S8WNHs1goylvOF9yMwKsuol3JHB0T0q6BWNitZ2SeaKiA+Vo72qvQZeOqcjSSslVBhzpqxnwFp+A=="
        }
    }
}
