{
    "name": "npm-at4dx",
    "version": "1.0.1",
    "lockfileVersion": 1,
    "requires": true,
    "dependencies": {
        "npm-fflib-common": {
            "version": "1.0.27",
            "resolved": "https://registry.npmjs.org/npm-fflib-common/-/npm-fflib-common-1.0.27.tgz",
            "integrity": "sha512-OoqjbMLnBrRA3lpa+ONKR7elyR99z1VZRni7pH7cNFebNMu4YWs/+xVDLWC62Od0XqpRWdd41fXYo5MpEJOJHw==",
            "requires": {
                "npm-fflib-mocks": "^1.0.22",
                "qfpm": "^1.0.19"
            }
        },
        "npm-fflib-mocks": {
            "version": "1.0.22",
            "resolved": "https://registry.npmjs.org/npm-fflib-mocks/-/npm-fflib-mocks-1.0.22.tgz",
            "integrity": "sha512-5oyKNB0Gk6Uojps/VFBB1aTZE7AORee1JdgkN+JCJPeQ81o34NOUQLxRVRfybku1rb8tLmiuE2ohiZ7ROrGlJQ==",
            "requires": {
                "qfpm": "^1.0.19"
            }
        },
        "npm-force-di": {
            "version": "1.0.4",
            "resolved": "https://registry.npmjs.org/npm-force-di/-/npm-force-di-1.0.4.tgz",
            "integrity": "sha512-NPZ5cVu8XDTsoy6Tg7+hZPdU6qgUj8PvuXgXOLPu1QWe8irnBhp5sB5mykEDDZ3BIx2a9YoURYTq720Zt4mdgw==",
            "requires": {
                "qfpm": "^1.0.19"
            }
        },
        "qfpm": {
            "version": "1.0.19",
            "resolved": "https://registry.npmjs.org/qfpm/-/qfpm-1.0.19.tgz",
            "integrity": "sha512-0rxlPQTy/pGTMa5UiCHgQf2zRcQiLKGxwN35YAbqT7hBjP8Rcnbm9MQxmx6DN7WPvSSmIHzB96rE7G1X2YPLsg=="
        }
    }
}
